// !$*UTF8*$!
{
	archiveVersion = 1;
	classes = {
	};
	objectVersion = 46;
	objects = {

/* Begin PBXBuildFile section */
		C56CA0601D87F1890092E69D /* File.cpp in Sources */ = {isa = PBXBuildFile; fileRef = C56CA0401D87F1890092E69D /* File.cpp */; };
		C56CA0611D87F1890092E69D /* File_posix.cpp in Sources */ = {isa = PBXBuildFile; fileRef = C56CA0421D87F1890092E69D /* File_posix.cpp */; };
		C56CA0631D87F1890092E69D /* FileSystem.cpp in Sources */ = {isa = PBXBuildFile; fileRef = C56CA0441D87F1890092E69D /* FileSystem.cpp */; };
		C56CA0641D87F1890092E69D /* FileSystem_posix.cpp in Sources */ = {isa = PBXBuildFile; fileRef = C56CA0461D87F1890092E69D /* FileSystem_posix.cpp */; };
		C56CA0661D87F1890092E69D /* random_posix.cpp in Sources */ = {isa = PBXBuildFile; fileRef = C56CA04A1D87F1890092E69D /* random_posix.cpp */; };
		C56CA0671D87F1890092E69D /* random_win32.cpp in Sources */ = {isa = PBXBuildFile; fileRef = C56CA04B1D87F1890092E69D /* random_win32.cpp */; };
		C56CA0681D87F1890092E69D /* process_posix.cpp in Sources */ = {isa = PBXBuildFile; fileRef = C56CA0521D87F1890092E69D /* process_posix.cpp */; };
		C56CA06A1D87F1890092E69D /* option.cpp in Sources */ = {isa = PBXBuildFile; fileRef = C56CA0551D87F1890092E69D /* option.cpp */; };
		C56CA06B1D87F1890092E69D /* error.cpp in Sources */ = {isa = PBXBuildFile; fileRef = C56CA0581D87F1890092E69D /* error.cpp */; };
		C56CA06C1D87F1890092E69D /* time.cpp in Sources */ = {isa = PBXBuildFile; fileRef = C56CA05B1D87F1890092E69D /* time.cpp */; };
		C56CA06D1D87F1890092E69D /* time_posix.cpp in Sources */ = {isa = PBXBuildFile; fileRef = C56CA05D1D87F1890092E69D /* time_posix.cpp */; };
		C56CA07E1D87F1900092E69D /* crc.cpp in Sources */ = {isa = PBXBuildFile; fileRef = C56CA0701D87F1900092E69D /* crc.cpp */; };
		C56CA07F1D87F1900092E69D /* Database.cpp in Sources */ = {isa = PBXBuildFile; fileRef = C56CA0721D87F1900092E69D /* Database.cpp */; };
		C56CA0801D87F1900092E69D /* other.cpp in Sources */ = {isa = PBXBuildFile; fileRef = C56CA0751D87F1900092E69D /* other.cpp */; };
		C56CA0811D87F1900092E69D /* Timecode.cpp in Sources */ = {isa = PBXBuildFile; fileRef = C56CA0771D87F1900092E69D /* Timecode.cpp */; };
		C56CA0821D87F1900092E69D /* TrackModifier.cpp in Sources */ = {isa = PBXBuildFile; fileRef = C56CA0791D87F1900092E69D /* TrackModifier.cpp */; };
		C56CA0831D87F1900092E69D /* Utility.cpp in Sources */ = {isa = PBXBuildFile; fileRef = C56CA07C1D87F1900092E69D /* Utility.cpp */; };
		C56CA1011D87F1980092E69D /* 3gp.cpp in Sources */ = {isa = PBXBuildFile; fileRef = C56CA0851D87F1970092E69D /* 3gp.cpp */; };
		C56CA1021D87F1980092E69D /* atom_ac3.cpp in Sources */ = {isa = PBXBuildFile; fileRef = C56CA0861D87F1970092E69D /* atom_ac3.cpp */; };
		C56CA1031D87F1980092E69D /* atom_amr.cpp in Sources */ = {isa = PBXBuildFile; fileRef = C56CA0871D87F1970092E69D /* atom_amr.cpp */; };
		C56CA1041D87F1980092E69D /* atom_avc1.cpp in Sources */ = {isa = PBXBuildFile; fileRef = C56CA0881D87F1970092E69D /* atom_avc1.cpp */; };
		C56CA1051D87F1980092E69D /* atom_avcC.cpp in Sources */ = {isa = PBXBuildFile; fileRef = C56CA0891D87F1970092E69D /* atom_avcC.cpp */; };
		C56CA1061D87F1980092E69D /* atom_chpl.cpp in Sources */ = {isa = PBXBuildFile; fileRef = C56CA08A1D87F1970092E69D /* atom_chpl.cpp */; };
		C56CA1071D87F1980092E69D /* atom_colr.cpp in Sources */ = {isa = PBXBuildFile; fileRef = C56CA08B1D87F1970092E69D /* atom_colr.cpp */; };
		C56CA1081D87F1980092E69D /* atom_d263.cpp in Sources */ = {isa = PBXBuildFile; fileRef = C56CA08C1D87F1970092E69D /* atom_d263.cpp */; };
		C56CA1091D87F1980092E69D /* atom_dac3.cpp in Sources */ = {isa = PBXBuildFile; fileRef = C56CA08D1D87F1970092E69D /* atom_dac3.cpp */; };
		C56CA10A1D87F1980092E69D /* atom_damr.cpp in Sources */ = {isa = PBXBuildFile; fileRef = C56CA08E1D87F1970092E69D /* atom_damr.cpp */; };
		C56CA10B1D87F1980092E69D /* atom_dref.cpp in Sources */ = {isa = PBXBuildFile; fileRef = C56CA08F1D87F1970092E69D /* atom_dref.cpp */; };
		C56CA10C1D87F1980092E69D /* atom_elst.cpp in Sources */ = {isa = PBXBuildFile; fileRef = C56CA0901D87F1970092E69D /* atom_elst.cpp */; };
		C56CA10D1D87F1980092E69D /* atom_enca.cpp in Sources */ = {isa = PBXBuildFile; fileRef = C56CA0911D87F1970092E69D /* atom_enca.cpp */; };
		C56CA10E1D87F1980092E69D /* atom_encv.cpp in Sources */ = {isa = PBXBuildFile; fileRef = C56CA0921D87F1970092E69D /* atom_encv.cpp */; };
		C56CA10F1D87F1980092E69D /* atom_free.cpp in Sources */ = {isa = PBXBuildFile; fileRef = C56CA0931D87F1970092E69D /* atom_free.cpp */; };
		C56CA1101D87F1980092E69D /* atom_ftab.cpp in Sources */ = {isa = PBXBuildFile; fileRef = C56CA0941D87F1970092E69D /* atom_ftab.cpp */; };
		C56CA1111D87F1980092E69D /* atom_ftyp.cpp in Sources */ = {isa = PBXBuildFile; fileRef = C56CA0951D87F1970092E69D /* atom_ftyp.cpp */; };
		C56CA1121D87F1980092E69D /* atom_gmin.cpp in Sources */ = {isa = PBXBuildFile; fileRef = C56CA0961D87F1970092E69D /* atom_gmin.cpp */; };
		C56CA1131D87F1980092E69D /* atom_hdlr.cpp in Sources */ = {isa = PBXBuildFile; fileRef = C56CA0971D87F1970092E69D /* atom_hdlr.cpp */; };
		C56CA1141D87F1980092E69D /* atom_hinf.cpp in Sources */ = {isa = PBXBuildFile; fileRef = C56CA0981D87F1970092E69D /* atom_hinf.cpp */; };
		C56CA1151D87F1980092E69D /* atom_hnti.cpp in Sources */ = {isa = PBXBuildFile; fileRef = C56CA0991D87F1970092E69D /* atom_hnti.cpp */; };
		C56CA1161D87F1980092E69D /* atom_href.cpp in Sources */ = {isa = PBXBuildFile; fileRef = C56CA09A1D87F1970092E69D /* atom_href.cpp */; };
		C56CA1171D87F1980092E69D /* atom_mdat.cpp in Sources */ = {isa = PBXBuildFile; fileRef = C56CA09B1D87F1970092E69D /* atom_mdat.cpp */; };
		C56CA1181D87F1980092E69D /* atom_mdhd.cpp in Sources */ = {isa = PBXBuildFile; fileRef = C56CA09C1D87F1970092E69D /* atom_mdhd.cpp */; };
		C56CA1191D87F1980092E69D /* atom_meta.cpp in Sources */ = {isa = PBXBuildFile; fileRef = C56CA09D1D87F1970092E69D /* atom_meta.cpp */; };
		C56CA11A1D87F1980092E69D /* atom_mp4s.cpp in Sources */ = {isa = PBXBuildFile; fileRef = C56CA09E1D87F1970092E69D /* atom_mp4s.cpp */; };
		C56CA11B1D87F1980092E69D /* atom_mp4v.cpp in Sources */ = {isa = PBXBuildFile; fileRef = C56CA09F1D87F1970092E69D /* atom_mp4v.cpp */; };
		C56CA11C1D87F1980092E69D /* atom_mvhd.cpp in Sources */ = {isa = PBXBuildFile; fileRef = C56CA0A01D87F1970092E69D /* atom_mvhd.cpp */; };
		C56CA11D1D87F1980092E69D /* atom_nmhd.cpp in Sources */ = {isa = PBXBuildFile; fileRef = C56CA0A11D87F1970092E69D /* atom_nmhd.cpp */; };
		C56CA11E1D87F1980092E69D /* atom_ohdr.cpp in Sources */ = {isa = PBXBuildFile; fileRef = C56CA0A21D87F1970092E69D /* atom_ohdr.cpp */; };
		C56CA11F1D87F1980092E69D /* atom_pasp.cpp in Sources */ = {isa = PBXBuildFile; fileRef = C56CA0A31D87F1970092E69D /* atom_pasp.cpp */; };
		C56CA1201D87F1980092E69D /* atom_root.cpp in Sources */ = {isa = PBXBuildFile; fileRef = C56CA0A41D87F1970092E69D /* atom_root.cpp */; };
		C56CA1211D87F1980092E69D /* atom_rtp.cpp in Sources */ = {isa = PBXBuildFile; fileRef = C56CA0A51D87F1970092E69D /* atom_rtp.cpp */; };
		C56CA1221D87F1980092E69D /* atom_s263.cpp in Sources */ = {isa = PBXBuildFile; fileRef = C56CA0A61D87F1970092E69D /* atom_s263.cpp */; };
		C56CA1231D87F1980092E69D /* atom_sdp.cpp in Sources */ = {isa = PBXBuildFile; fileRef = C56CA0A71D87F1970092E69D /* atom_sdp.cpp */; };
		C56CA1241D87F1980092E69D /* atom_sdtp.cpp in Sources */ = {isa = PBXBuildFile; fileRef = C56CA0A81D87F1970092E69D /* atom_sdtp.cpp */; };
		C56CA1251D87F1980092E69D /* atom_smi.cpp in Sources */ = {isa = PBXBuildFile; fileRef = C56CA0A91D87F1970092E69D /* atom_smi.cpp */; };
		C56CA1261D87F1980092E69D /* atom_sound.cpp in Sources */ = {isa = PBXBuildFile; fileRef = C56CA0AA1D87F1970092E69D /* atom_sound.cpp */; };
		C56CA1271D87F1980092E69D /* atom_standard.cpp in Sources */ = {isa = PBXBuildFile; fileRef = C56CA0AB1D87F1970092E69D /* atom_standard.cpp */; };
		C56CA1281D87F1980092E69D /* atom_stbl.cpp in Sources */ = {isa = PBXBuildFile; fileRef = C56CA0AC1D87F1970092E69D /* atom_stbl.cpp */; };
		C56CA1291D87F1980092E69D /* atom_stdp.cpp in Sources */ = {isa = PBXBuildFile; fileRef = C56CA0AD1D87F1970092E69D /* atom_stdp.cpp */; };
		C56CA12A1D87F1980092E69D /* atom_stsc.cpp in Sources */ = {isa = PBXBuildFile; fileRef = C56CA0AE1D87F1970092E69D /* atom_stsc.cpp */; };
		C56CA12B1D87F1980092E69D /* atom_stsd.cpp in Sources */ = {isa = PBXBuildFile; fileRef = C56CA0AF1D87F1970092E69D /* atom_stsd.cpp */; };
		C56CA12C1D87F1980092E69D /* atom_stsz.cpp in Sources */ = {isa = PBXBuildFile; fileRef = C56CA0B01D87F1970092E69D /* atom_stsz.cpp */; };
		C56CA12D1D87F1980092E69D /* atom_stz2.cpp in Sources */ = {isa = PBXBuildFile; fileRef = C56CA0B11D87F1970092E69D /* atom_stz2.cpp */; };
		C56CA12E1D87F1980092E69D /* atom_text.cpp in Sources */ = {isa = PBXBuildFile; fileRef = C56CA0B21D87F1970092E69D /* atom_text.cpp */; };
		C56CA12F1D87F1980092E69D /* atom_tfhd.cpp in Sources */ = {isa = PBXBuildFile; fileRef = C56CA0B31D87F1970092E69D /* atom_tfhd.cpp */; };
		C56CA1301D87F1980092E69D /* atom_tkhd.cpp in Sources */ = {isa = PBXBuildFile; fileRef = C56CA0B41D87F1970092E69D /* atom_tkhd.cpp */; };
		C56CA1311D87F1980092E69D /* atom_treftype.cpp in Sources */ = {isa = PBXBuildFile; fileRef = C56CA0B51D87F1970092E69D /* atom_treftype.cpp */; };
		C56CA1321D87F1980092E69D /* atom_trun.cpp in Sources */ = {isa = PBXBuildFile; fileRef = C56CA0B61D87F1970092E69D /* atom_trun.cpp */; };
		C56CA1331D87F1980092E69D /* atom_tx3g.cpp in Sources */ = {isa = PBXBuildFile; fileRef = C56CA0B71D87F1970092E69D /* atom_tx3g.cpp */; };
		C56CA1341D87F1980092E69D /* atom_udta.cpp in Sources */ = {isa = PBXBuildFile; fileRef = C56CA0B81D87F1970092E69D /* atom_udta.cpp */; };
		C56CA1351D87F1980092E69D /* atom_url.cpp in Sources */ = {isa = PBXBuildFile; fileRef = C56CA0B91D87F1970092E69D /* atom_url.cpp */; };
		C56CA1361D87F1980092E69D /* atom_urn.cpp in Sources */ = {isa = PBXBuildFile; fileRef = C56CA0BA1D87F1970092E69D /* atom_urn.cpp */; };
		C56CA1371D87F1980092E69D /* atom_uuid.cpp in Sources */ = {isa = PBXBuildFile; fileRef = C56CA0BB1D87F1970092E69D /* atom_uuid.cpp */; };
		C56CA1381D87F1980092E69D /* atom_video.cpp in Sources */ = {isa = PBXBuildFile; fileRef = C56CA0BC1D87F1970092E69D /* atom_video.cpp */; };
		C56CA1391D87F1980092E69D /* atom_vmhd.cpp in Sources */ = {isa = PBXBuildFile; fileRef = C56CA0BD1D87F1970092E69D /* atom_vmhd.cpp */; };
		C56CA13A1D87F1980092E69D /* typebmff.cpp in Sources */ = {isa = PBXBuildFile; fileRef = C56CA0C21D87F1980092E69D /* typebmff.cpp */; };
		C56CA13B1D87F1980092E69D /* cmeta.cpp in Sources */ = {isa = PBXBuildFile; fileRef = C56CA0C41D87F1980092E69D /* cmeta.cpp */; };
		C56CA13C1D87F1980092E69D /* descriptors.cpp in Sources */ = {isa = PBXBuildFile; fileRef = C56CA0C51D87F1980092E69D /* descriptors.cpp */; };
		C56CA13D1D87F1980092E69D /* enum.tcc in Sources */ = {isa = PBXBuildFile; fileRef = C56CA0C81D87F1980092E69D /* enum.tcc */; };
		C56CA13E1D87F1980092E69D /* exception.cpp in Sources */ = {isa = PBXBuildFile; fileRef = C56CA0C91D87F1980092E69D /* exception.cpp */; };
		C56CA13F1D87F1980092E69D /* isma.cpp in Sources */ = {isa = PBXBuildFile; fileRef = C56CA0CC1D87F1980092E69D /* isma.cpp */; };
		C56CA1401D87F1980092E69D /* CoverArtBox.cpp in Sources */ = {isa = PBXBuildFile; fileRef = C56CA0CE1D87F1980092E69D /* CoverArtBox.cpp */; };
		C56CA1411D87F1980092E69D /* generic.cpp in Sources */ = {isa = PBXBuildFile; fileRef = C56CA0D01D87F1980092E69D /* generic.cpp */; };
		C56CA1421D87F1980092E69D /* Tags.cpp in Sources */ = {isa = PBXBuildFile; fileRef = C56CA0D41D87F1980092E69D /* Tags.cpp */; };
		C56CA1431D87F1980092E69D /* type.cpp in Sources */ = {isa = PBXBuildFile; fileRef = C56CA0D61D87F1980092E69D /* type.cpp */; };
		C56CA1441D87F1980092E69D /* log.cpp in Sources */ = {isa = PBXBuildFile; fileRef = C56CA0D81D87F1980092E69D /* log.cpp */; };
		C56CA1451D87F1980092E69D /* mp4.cpp in Sources */ = {isa = PBXBuildFile; fileRef = C56CA0DA1D87F1980092E69D /* mp4.cpp */; };
		C56CA1461D87F1980092E69D /* mp4atom.cpp in Sources */ = {isa = PBXBuildFile; fileRef = C56CA0DC1D87F1980092E69D /* mp4atom.cpp */; };
		C56CA1471D87F1980092E69D /* mp4container.cpp in Sources */ = {isa = PBXBuildFile; fileRef = C56CA0DE1D87F1980092E69D /* mp4container.cpp */; };
		C56CA1481D87F1980092E69D /* mp4descriptor.cpp in Sources */ = {isa = PBXBuildFile; fileRef = C56CA0E01D87F1980092E69D /* mp4descriptor.cpp */; };
		C56CA1491D87F1980092E69D /* mp4file.cpp in Sources */ = {isa = PBXBuildFile; fileRef = C56CA0E21D87F1980092E69D /* mp4file.cpp */; };
		C56CA14A1D87F1980092E69D /* mp4file_io.cpp in Sources */ = {isa = PBXBuildFile; fileRef = C56CA0E41D87F1980092E69D /* mp4file_io.cpp */; };
		C56CA14B1D87F1980092E69D /* mp4info.cpp in Sources */ = {isa = PBXBuildFile; fileRef = C56CA0E51D87F1980092E69D /* mp4info.cpp */; };
		C56CA14C1D87F1980092E69D /* mp4property.cpp in Sources */ = {isa = PBXBuildFile; fileRef = C56CA0E61D87F1980092E69D /* mp4property.cpp */; };
		C56CA14D1D87F1980092E69D /* mp4track.cpp in Sources */ = {isa = PBXBuildFile; fileRef = C56CA0E81D87F1980092E69D /* mp4track.cpp */; };
		C56CA14E1D87F1980092E69D /* mp4util.cpp in Sources */ = {isa = PBXBuildFile; fileRef = C56CA0EA1D87F1980092E69D /* mp4util.cpp */; };
		C56CA14F1D87F1980092E69D /* ocidescriptors.cpp in Sources */ = {isa = PBXBuildFile; fileRef = C56CA0EC1D87F1980092E69D /* ocidescriptors.cpp */; };
		C56CA1501D87F1980092E69D /* odcommands.cpp in Sources */ = {isa = PBXBuildFile; fileRef = C56CA0EE1D87F1980092E69D /* odcommands.cpp */; };
		C56CA1511D87F1980092E69D /* qosqualifiers.cpp in Sources */ = {isa = PBXBuildFile; fileRef = C56CA0F01D87F1980092E69D /* qosqualifiers.cpp */; };
		C56CA1521D87F1980092E69D /* coding.cpp in Sources */ = {isa = PBXBuildFile; fileRef = C56CA0F31D87F1980092E69D /* coding.cpp */; };
		C56CA1531D87F1980092E69D /* ColorParameterBox.cpp in Sources */ = {isa = PBXBuildFile; fileRef = C56CA0F51D87F1980092E69D /* ColorParameterBox.cpp */; };
		C56CA1541D87F1980092E69D /* PictureAspectRatioBox.cpp in Sources */ = {isa = PBXBuildFile; fileRef = C56CA0F81D87F1980092E69D /* PictureAspectRatioBox.cpp */; };
		C56CA1551D87F1980092E69D /* rtphint.cpp in Sources */ = {isa = PBXBuildFile; fileRef = C56CA0FB1D87F1980092E69D /* rtphint.cpp */; };
		C56CA1561D87F1980092E69D /* text.cpp in Sources */ = {isa = PBXBuildFile; fileRef = C56CA0FE1D87F1980092E69D /* text.cpp */; };
/* End PBXBuildFile section */

/* Begin PBXCopyFilesBuildPhase section */
		C56C9D7C1D87CE1B0092E69D /* CopyFiles */ = {
			isa = PBXCopyFilesBuildPhase;
			buildActionMask = 2147483647;
			dstPath = "include/$(PRODUCT_NAME)";
			dstSubfolderSpec = 16;
			files = (
			);
			runOnlyForDeploymentPostprocessing = 0;
		};
/* End PBXCopyFilesBuildPhase section */

/* Begin PBXFileReference section */
		C56C9D7E1D87CE1B0092E69D /* libMp4v2Code.a */ = {isa = PBXFileReference; explicitFileType = archive.ar; includeInIndex = 0; path = libMp4v2Code.a; sourceTree = BUILT_PRODUCTS_DIR; };
		C56CA03C1D87F1890092E69D /* config.h.in */ = {isa = PBXFileReference; fileEncoding = 4; lastKnownFileType = text; path = config.h.in; sourceTree = "<group>"; };
		C56CA03D1D87F1890092E69D /* endian.h */ = {isa = PBXFileReference; fileEncoding = 4; lastKnownFileType = sourcecode.c.h; path = endian.h; sourceTree = "<group>"; };
		C56CA03E1D87F1890092E69D /* impl.h */ = {isa = PBXFileReference; fileEncoding = 4; lastKnownFileType = sourcecode.c.h; path = impl.h; sourceTree = "<group>"; };
		C56CA0401D87F1890092E69D /* File.cpp */ = {isa = PBXFileReference; fileEncoding = 4; lastKnownFileType = sourcecode.cpp.cpp; path = File.cpp; sourceTree = "<group>"; };
		C56CA0411D87F1890092E69D /* File.h */ = {isa = PBXFileReference; fileEncoding = 4; lastKnownFileType = sourcecode.c.h; path = File.h; sourceTree = "<group>"; };
		C56CA0421D87F1890092E69D /* File_posix.cpp */ = {isa = PBXFileReference; fileEncoding = 4; lastKnownFileType = sourcecode.cpp.cpp; path = File_posix.cpp; sourceTree = "<group>"; };
		C56CA0441D87F1890092E69D /* FileSystem.cpp */ = {isa = PBXFileReference; fileEncoding = 4; lastKnownFileType = sourcecode.cpp.cpp; path = FileSystem.cpp; sourceTree = "<group>"; };
		C56CA0451D87F1890092E69D /* FileSystem.h */ = {isa = PBXFileReference; fileEncoding = 4; lastKnownFileType = sourcecode.c.h; path = FileSystem.h; sourceTree = "<group>"; };
		C56CA0461D87F1890092E69D /* FileSystem_posix.cpp */ = {isa = PBXFileReference; fileEncoding = 4; lastKnownFileType = sourcecode.cpp.cpp; path = FileSystem_posix.cpp; sourceTree = "<group>"; };
		C56CA0491D87F1890092E69D /* random.h */ = {isa = PBXFileReference; fileEncoding = 4; lastKnownFileType = sourcecode.c.h; path = random.h; sourceTree = "<group>"; };
		C56CA04A1D87F1890092E69D /* random_posix.cpp */ = {isa = PBXFileReference; fileEncoding = 4; lastKnownFileType = sourcecode.cpp.cpp; path = random_posix.cpp; sourceTree = "<group>"; };
		C56CA04B1D87F1890092E69D /* random_win32.cpp */ = {isa = PBXFileReference; fileEncoding = 4; lastKnownFileType = sourcecode.cpp.cpp; path = random_win32.cpp; sourceTree = "<group>"; };
		C56CA04C1D87F1890092E69D /* platform.h */ = {isa = PBXFileReference; fileEncoding = 4; lastKnownFileType = sourcecode.c.h; path = platform.h; sourceTree = "<group>"; };
		C56CA04D1D87F1890092E69D /* platform_base.h */ = {isa = PBXFileReference; fileEncoding = 4; lastKnownFileType = sourcecode.c.h; path = platform_base.h; sourceTree = "<group>"; };
		C56CA04E1D87F1890092E69D /* platform_posix.h */ = {isa = PBXFileReference; fileEncoding = 4; lastKnownFileType = sourcecode.c.h; path = platform_posix.h; sourceTree = "<group>"; };
		C56CA0511D87F1890092E69D /* process.h */ = {isa = PBXFileReference; fileEncoding = 4; lastKnownFileType = sourcecode.c.h; path = process.h; sourceTree = "<group>"; };
		C56CA0521D87F1890092E69D /* process_posix.cpp */ = {isa = PBXFileReference; fileEncoding = 4; lastKnownFileType = sourcecode.cpp.cpp; path = process_posix.cpp; sourceTree = "<group>"; };
		C56CA0551D87F1890092E69D /* option.cpp */ = {isa = PBXFileReference; fileEncoding = 4; lastKnownFileType = sourcecode.cpp.cpp; path = option.cpp; sourceTree = "<group>"; };
		C56CA0561D87F1890092E69D /* option.h */ = {isa = PBXFileReference; fileEncoding = 4; lastKnownFileType = sourcecode.c.h; path = option.h; sourceTree = "<group>"; };
		C56CA0581D87F1890092E69D /* error.cpp */ = {isa = PBXFileReference; fileEncoding = 4; lastKnownFileType = sourcecode.cpp.cpp; path = error.cpp; sourceTree = "<group>"; };
		C56CA0591D87F1890092E69D /* error.h */ = {isa = PBXFileReference; fileEncoding = 4; lastKnownFileType = sourcecode.c.h; path = error.h; sourceTree = "<group>"; };
		C56CA05B1D87F1890092E69D /* time.cpp */ = {isa = PBXFileReference; fileEncoding = 4; lastKnownFileType = sourcecode.cpp.cpp; path = time.cpp; sourceTree = "<group>"; };
		C56CA05C1D87F1890092E69D /* time.h */ = {isa = PBXFileReference; fileEncoding = 4; lastKnownFileType = sourcecode.c.h; path = time.h; sourceTree = "<group>"; };
		C56CA05D1D87F1890092E69D /* time_posix.cpp */ = {isa = PBXFileReference; fileEncoding = 4; lastKnownFileType = sourcecode.cpp.cpp; path = time_posix.cpp; sourceTree = "<group>"; };
		C56CA05F1D87F1890092E69D /* warning.h */ = {isa = PBXFileReference; fileEncoding = 4; lastKnownFileType = sourcecode.c.h; path = warning.h; sourceTree = "<group>"; };
		C56CA0701D87F1900092E69D /* crc.cpp */ = {isa = PBXFileReference; fileEncoding = 4; lastKnownFileType = sourcecode.cpp.cpp; path = crc.cpp; sourceTree = "<group>"; };
		C56CA0711D87F1900092E69D /* crc.h */ = {isa = PBXFileReference; fileEncoding = 4; lastKnownFileType = sourcecode.c.h; path = crc.h; sourceTree = "<group>"; };
		C56CA0721D87F1900092E69D /* Database.cpp */ = {isa = PBXFileReference; fileEncoding = 4; lastKnownFileType = sourcecode.cpp.cpp; path = Database.cpp; sourceTree = "<group>"; };
		C56CA0731D87F1900092E69D /* Database.h */ = {isa = PBXFileReference; fileEncoding = 4; lastKnownFileType = sourcecode.c.h; path = Database.h; sourceTree = "<group>"; };
		C56CA0741D87F1900092E69D /* impl.h */ = {isa = PBXFileReference; fileEncoding = 4; lastKnownFileType = sourcecode.c.h; path = impl.h; sourceTree = "<group>"; };
		C56CA0751D87F1900092E69D /* other.cpp */ = {isa = PBXFileReference; fileEncoding = 4; lastKnownFileType = sourcecode.cpp.cpp; path = other.cpp; sourceTree = "<group>"; };
		C56CA0761D87F1900092E69D /* other.h */ = {isa = PBXFileReference; fileEncoding = 4; lastKnownFileType = sourcecode.c.h; path = other.h; sourceTree = "<group>"; };
		C56CA0771D87F1900092E69D /* Timecode.cpp */ = {isa = PBXFileReference; fileEncoding = 4; lastKnownFileType = sourcecode.cpp.cpp; path = Timecode.cpp; sourceTree = "<group>"; };
		C56CA0781D87F1900092E69D /* Timecode.h */ = {isa = PBXFileReference; fileEncoding = 4; lastKnownFileType = sourcecode.c.h; path = Timecode.h; sourceTree = "<group>"; };
		C56CA0791D87F1900092E69D /* TrackModifier.cpp */ = {isa = PBXFileReference; fileEncoding = 4; lastKnownFileType = sourcecode.cpp.cpp; path = TrackModifier.cpp; sourceTree = "<group>"; };
		C56CA07A1D87F1900092E69D /* TrackModifier.h */ = {isa = PBXFileReference; fileEncoding = 4; lastKnownFileType = sourcecode.c.h; path = TrackModifier.h; sourceTree = "<group>"; };
		C56CA07B1D87F1900092E69D /* util.h */ = {isa = PBXFileReference; fileEncoding = 4; lastKnownFileType = sourcecode.c.h; path = util.h; sourceTree = "<group>"; };
		C56CA07C1D87F1900092E69D /* Utility.cpp */ = {isa = PBXFileReference; fileEncoding = 4; lastKnownFileType = sourcecode.cpp.cpp; path = Utility.cpp; sourceTree = "<group>"; };
		C56CA07D1D87F1900092E69D /* Utility.h */ = {isa = PBXFileReference; fileEncoding = 4; lastKnownFileType = sourcecode.c.h; path = Utility.h; sourceTree = "<group>"; };
		C56CA0851D87F1970092E69D /* 3gp.cpp */ = {isa = PBXFileReference; fileEncoding = 4; lastKnownFileType = sourcecode.cpp.cpp; path = 3gp.cpp; sourceTree = "<group>"; };
		C56CA0861D87F1970092E69D /* atom_ac3.cpp */ = {isa = PBXFileReference; fileEncoding = 4; lastKnownFileType = sourcecode.cpp.cpp; path = atom_ac3.cpp; sourceTree = "<group>"; };
		C56CA0871D87F1970092E69D /* atom_amr.cpp */ = {isa = PBXFileReference; fileEncoding = 4; lastKnownFileType = sourcecode.cpp.cpp; path = atom_amr.cpp; sourceTree = "<group>"; };
		C56CA0881D87F1970092E69D /* atom_avc1.cpp */ = {isa = PBXFileReference; fileEncoding = 4; lastKnownFileType = sourcecode.cpp.cpp; path = atom_avc1.cpp; sourceTree = "<group>"; };
		C56CA0891D87F1970092E69D /* atom_avcC.cpp */ = {isa = PBXFileReference; fileEncoding = 4; lastKnownFileType = sourcecode.cpp.cpp; path = atom_avcC.cpp; sourceTree = "<group>"; };
		C56CA08A1D87F1970092E69D /* atom_chpl.cpp */ = {isa = PBXFileReference; fileEncoding = 4; lastKnownFileType = sourcecode.cpp.cpp; path = atom_chpl.cpp; sourceTree = "<group>"; };
		C56CA08B1D87F1970092E69D /* atom_colr.cpp */ = {isa = PBXFileReference; fileEncoding = 4; lastKnownFileType = sourcecode.cpp.cpp; path = atom_colr.cpp; sourceTree = "<group>"; };
		C56CA08C1D87F1970092E69D /* atom_d263.cpp */ = {isa = PBXFileReference; fileEncoding = 4; lastKnownFileType = sourcecode.cpp.cpp; path = atom_d263.cpp; sourceTree = "<group>"; };
		C56CA08D1D87F1970092E69D /* atom_dac3.cpp */ = {isa = PBXFileReference; fileEncoding = 4; lastKnownFileType = sourcecode.cpp.cpp; path = atom_dac3.cpp; sourceTree = "<group>"; };
		C56CA08E1D87F1970092E69D /* atom_damr.cpp */ = {isa = PBXFileReference; fileEncoding = 4; lastKnownFileType = sourcecode.cpp.cpp; path = atom_damr.cpp; sourceTree = "<group>"; };
		C56CA08F1D87F1970092E69D /* atom_dref.cpp */ = {isa = PBXFileReference; fileEncoding = 4; lastKnownFileType = sourcecode.cpp.cpp; path = atom_dref.cpp; sourceTree = "<group>"; };
		C56CA0901D87F1970092E69D /* atom_elst.cpp */ = {isa = PBXFileReference; fileEncoding = 4; lastKnownFileType = sourcecode.cpp.cpp; path = atom_elst.cpp; sourceTree = "<group>"; };
		C56CA0911D87F1970092E69D /* atom_enca.cpp */ = {isa = PBXFileReference; fileEncoding = 4; lastKnownFileType = sourcecode.cpp.cpp; path = atom_enca.cpp; sourceTree = "<group>"; };
		C56CA0921D87F1970092E69D /* atom_encv.cpp */ = {isa = PBXFileReference; fileEncoding = 4; lastKnownFileType = sourcecode.cpp.cpp; path = atom_encv.cpp; sourceTree = "<group>"; };
		C56CA0931D87F1970092E69D /* atom_free.cpp */ = {isa = PBXFileReference; fileEncoding = 4; lastKnownFileType = sourcecode.cpp.cpp; path = atom_free.cpp; sourceTree = "<group>"; };
		C56CA0941D87F1970092E69D /* atom_ftab.cpp */ = {isa = PBXFileReference; fileEncoding = 4; lastKnownFileType = sourcecode.cpp.cpp; path = atom_ftab.cpp; sourceTree = "<group>"; };
		C56CA0951D87F1970092E69D /* atom_ftyp.cpp */ = {isa = PBXFileReference; fileEncoding = 4; lastKnownFileType = sourcecode.cpp.cpp; path = atom_ftyp.cpp; sourceTree = "<group>"; };
		C56CA0961D87F1970092E69D /* atom_gmin.cpp */ = {isa = PBXFileReference; fileEncoding = 4; lastKnownFileType = sourcecode.cpp.cpp; path = atom_gmin.cpp; sourceTree = "<group>"; };
		C56CA0971D87F1970092E69D /* atom_hdlr.cpp */ = {isa = PBXFileReference; fileEncoding = 4; lastKnownFileType = sourcecode.cpp.cpp; path = atom_hdlr.cpp; sourceTree = "<group>"; };
		C56CA0981D87F1970092E69D /* atom_hinf.cpp */ = {isa = PBXFileReference; fileEncoding = 4; lastKnownFileType = sourcecode.cpp.cpp; path = atom_hinf.cpp; sourceTree = "<group>"; };
		C56CA0991D87F1970092E69D /* atom_hnti.cpp */ = {isa = PBXFileReference; fileEncoding = 4; lastKnownFileType = sourcecode.cpp.cpp; path = atom_hnti.cpp; sourceTree = "<group>"; };
		C56CA09A1D87F1970092E69D /* atom_href.cpp */ = {isa = PBXFileReference; fileEncoding = 4; lastKnownFileType = sourcecode.cpp.cpp; path = atom_href.cpp; sourceTree = "<group>"; };
		C56CA09B1D87F1970092E69D /* atom_mdat.cpp */ = {isa = PBXFileReference; fileEncoding = 4; lastKnownFileType = sourcecode.cpp.cpp; path = atom_mdat.cpp; sourceTree = "<group>"; };
		C56CA09C1D87F1970092E69D /* atom_mdhd.cpp */ = {isa = PBXFileReference; fileEncoding = 4; lastKnownFileType = sourcecode.cpp.cpp; path = atom_mdhd.cpp; sourceTree = "<group>"; };
		C56CA09D1D87F1970092E69D /* atom_meta.cpp */ = {isa = PBXFileReference; fileEncoding = 4; lastKnownFileType = sourcecode.cpp.cpp; path = atom_meta.cpp; sourceTree = "<group>"; };
		C56CA09E1D87F1970092E69D /* atom_mp4s.cpp */ = {isa = PBXFileReference; fileEncoding = 4; lastKnownFileType = sourcecode.cpp.cpp; path = atom_mp4s.cpp; sourceTree = "<group>"; };
		C56CA09F1D87F1970092E69D /* atom_mp4v.cpp */ = {isa = PBXFileReference; fileEncoding = 4; lastKnownFileType = sourcecode.cpp.cpp; path = atom_mp4v.cpp; sourceTree = "<group>"; };
		C56CA0A01D87F1970092E69D /* atom_mvhd.cpp */ = {isa = PBXFileReference; fileEncoding = 4; lastKnownFileType = sourcecode.cpp.cpp; path = atom_mvhd.cpp; sourceTree = "<group>"; };
		C56CA0A11D87F1970092E69D /* atom_nmhd.cpp */ = {isa = PBXFileReference; fileEncoding = 4; lastKnownFileType = sourcecode.cpp.cpp; path = atom_nmhd.cpp; sourceTree = "<group>"; };
		C56CA0A21D87F1970092E69D /* atom_ohdr.cpp */ = {isa = PBXFileReference; fileEncoding = 4; lastKnownFileType = sourcecode.cpp.cpp; path = atom_ohdr.cpp; sourceTree = "<group>"; };
		C56CA0A31D87F1970092E69D /* atom_pasp.cpp */ = {isa = PBXFileReference; fileEncoding = 4; lastKnownFileType = sourcecode.cpp.cpp; path = atom_pasp.cpp; sourceTree = "<group>"; };
		C56CA0A41D87F1970092E69D /* atom_root.cpp */ = {isa = PBXFileReference; fileEncoding = 4; lastKnownFileType = sourcecode.cpp.cpp; path = atom_root.cpp; sourceTree = "<group>"; };
		C56CA0A51D87F1970092E69D /* atom_rtp.cpp */ = {isa = PBXFileReference; fileEncoding = 4; lastKnownFileType = sourcecode.cpp.cpp; path = atom_rtp.cpp; sourceTree = "<group>"; };
		C56CA0A61D87F1970092E69D /* atom_s263.cpp */ = {isa = PBXFileReference; fileEncoding = 4; lastKnownFileType = sourcecode.cpp.cpp; path = atom_s263.cpp; sourceTree = "<group>"; };
		C56CA0A71D87F1970092E69D /* atom_sdp.cpp */ = {isa = PBXFileReference; fileEncoding = 4; lastKnownFileType = sourcecode.cpp.cpp; path = atom_sdp.cpp; sourceTree = "<group>"; };
		C56CA0A81D87F1970092E69D /* atom_sdtp.cpp */ = {isa = PBXFileReference; fileEncoding = 4; lastKnownFileType = sourcecode.cpp.cpp; path = atom_sdtp.cpp; sourceTree = "<group>"; };
		C56CA0A91D87F1970092E69D /* atom_smi.cpp */ = {isa = PBXFileReference; fileEncoding = 4; lastKnownFileType = sourcecode.cpp.cpp; path = atom_smi.cpp; sourceTree = "<group>"; };
		C56CA0AA1D87F1970092E69D /* atom_sound.cpp */ = {isa = PBXFileReference; fileEncoding = 4; lastKnownFileType = sourcecode.cpp.cpp; path = atom_sound.cpp; sourceTree = "<group>"; };
		C56CA0AB1D87F1970092E69D /* atom_standard.cpp */ = {isa = PBXFileReference; fileEncoding = 4; lastKnownFileType = sourcecode.cpp.cpp; path = atom_standard.cpp; sourceTree = "<group>"; };
		C56CA0AC1D87F1970092E69D /* atom_stbl.cpp */ = {isa = PBXFileReference; fileEncoding = 4; lastKnownFileType = sourcecode.cpp.cpp; path = atom_stbl.cpp; sourceTree = "<group>"; };
		C56CA0AD1D87F1970092E69D /* atom_stdp.cpp */ = {isa = PBXFileReference; fileEncoding = 4; lastKnownFileType = sourcecode.cpp.cpp; path = atom_stdp.cpp; sourceTree = "<group>"; };
		C56CA0AE1D87F1970092E69D /* atom_stsc.cpp */ = {isa = PBXFileReference; fileEncoding = 4; lastKnownFileType = sourcecode.cpp.cpp; path = atom_stsc.cpp; sourceTree = "<group>"; };
		C56CA0AF1D87F1970092E69D /* atom_stsd.cpp */ = {isa = PBXFileReference; fileEncoding = 4; lastKnownFileType = sourcecode.cpp.cpp; path = atom_stsd.cpp; sourceTree = "<group>"; };
		C56CA0B01D87F1970092E69D /* atom_stsz.cpp */ = {isa = PBXFileReference; fileEncoding = 4; lastKnownFileType = sourcecode.cpp.cpp; path = atom_stsz.cpp; sourceTree = "<group>"; };
		C56CA0B11D87F1970092E69D /* atom_stz2.cpp */ = {isa = PBXFileReference; fileEncoding = 4; lastKnownFileType = sourcecode.cpp.cpp; path = atom_stz2.cpp; sourceTree = "<group>"; };
		C56CA0B21D87F1970092E69D /* atom_text.cpp */ = {isa = PBXFileReference; fileEncoding = 4; lastKnownFileType = sourcecode.cpp.cpp; path = atom_text.cpp; sourceTree = "<group>"; };
		C56CA0B31D87F1970092E69D /* atom_tfhd.cpp */ = {isa = PBXFileReference; fileEncoding = 4; lastKnownFileType = sourcecode.cpp.cpp; path = atom_tfhd.cpp; sourceTree = "<group>"; };
		C56CA0B41D87F1970092E69D /* atom_tkhd.cpp */ = {isa = PBXFileReference; fileEncoding = 4; lastKnownFileType = sourcecode.cpp.cpp; path = atom_tkhd.cpp; sourceTree = "<group>"; };
		C56CA0B51D87F1970092E69D /* atom_treftype.cpp */ = {isa = PBXFileReference; fileEncoding = 4; lastKnownFileType = sourcecode.cpp.cpp; path = atom_treftype.cpp; sourceTree = "<group>"; };
		C56CA0B61D87F1970092E69D /* atom_trun.cpp */ = {isa = PBXFileReference; fileEncoding = 4; lastKnownFileType = sourcecode.cpp.cpp; path = atom_trun.cpp; sourceTree = "<group>"; };
		C56CA0B71D87F1970092E69D /* atom_tx3g.cpp */ = {isa = PBXFileReference; fileEncoding = 4; lastKnownFileType = sourcecode.cpp.cpp; path = atom_tx3g.cpp; sourceTree = "<group>"; };
		C56CA0B81D87F1970092E69D /* atom_udta.cpp */ = {isa = PBXFileReference; fileEncoding = 4; lastKnownFileType = sourcecode.cpp.cpp; path = atom_udta.cpp; sourceTree = "<group>"; };
		C56CA0B91D87F1970092E69D /* atom_url.cpp */ = {isa = PBXFileReference; fileEncoding = 4; lastKnownFileType = sourcecode.cpp.cpp; path = atom_url.cpp; sourceTree = "<group>"; };
		C56CA0BA1D87F1970092E69D /* atom_urn.cpp */ = {isa = PBXFileReference; fileEncoding = 4; lastKnownFileType = sourcecode.cpp.cpp; path = atom_urn.cpp; sourceTree = "<group>"; };
		C56CA0BB1D87F1970092E69D /* atom_uuid.cpp */ = {isa = PBXFileReference; fileEncoding = 4; lastKnownFileType = sourcecode.cpp.cpp; path = atom_uuid.cpp; sourceTree = "<group>"; };
		C56CA0BC1D87F1970092E69D /* atom_video.cpp */ = {isa = PBXFileReference; fileEncoding = 4; lastKnownFileType = sourcecode.cpp.cpp; path = atom_video.cpp; sourceTree = "<group>"; };
		C56CA0BD1D87F1970092E69D /* atom_vmhd.cpp */ = {isa = PBXFileReference; fileEncoding = 4; lastKnownFileType = sourcecode.cpp.cpp; path = atom_vmhd.cpp; sourceTree = "<group>"; };
		C56CA0BE1D87F1970092E69D /* atoms.h */ = {isa = PBXFileReference; fileEncoding = 4; lastKnownFileType = sourcecode.c.h; path = atoms.h; sourceTree = "<group>"; };
		C56CA0C01D87F1970092E69D /* bmff.h */ = {isa = PBXFileReference; fileEncoding = 4; lastKnownFileType = sourcecode.c.h; path = bmff.h; sourceTree = "<group>"; };
		C56CA0C11D87F1970092E69D /* impl.h */ = {isa = PBXFileReference; fileEncoding = 4; lastKnownFileType = sourcecode.c.h; path = impl.h; sourceTree = "<group>"; };
		C56CA0C21D87F1980092E69D /* typebmff.cpp */ = {isa = PBXFileReference; fileEncoding = 4; lastKnownFileType = sourcecode.cpp.cpp; path = typebmff.cpp; sourceTree = "<group>"; };
		C56CA0C31D87F1980092E69D /* typebmff.h */ = {isa = PBXFileReference; fileEncoding = 4; lastKnownFileType = sourcecode.c.h; path = typebmff.h; sourceTree = "<group>"; };
		C56CA0C41D87F1980092E69D /* cmeta.cpp */ = {isa = PBXFileReference; fileEncoding = 4; lastKnownFileType = sourcecode.cpp.cpp; path = cmeta.cpp; sourceTree = "<group>"; };
		C56CA0C51D87F1980092E69D /* descriptors.cpp */ = {isa = PBXFileReference; fileEncoding = 4; lastKnownFileType = sourcecode.cpp.cpp; path = descriptors.cpp; sourceTree = "<group>"; };
		C56CA0C61D87F1980092E69D /* descriptors.h */ = {isa = PBXFileReference; fileEncoding = 4; lastKnownFileType = sourcecode.c.h; path = descriptors.h; sourceTree = "<group>"; };
		C56CA0C71D87F1980092E69D /* enum.h */ = {isa = PBXFileReference; fileEncoding = 4; lastKnownFileType = sourcecode.c.h; path = enum.h; sourceTree = "<group>"; };
		C56CA0C81D87F1980092E69D /* enum.tcc */ = {isa = PBXFileReference; fileEncoding = 4; lastKnownFileType = sourcecode.cpp.cpp; path = enum.tcc; sourceTree = "<group>"; };
		C56CA0C91D87F1980092E69D /* exception.cpp */ = {isa = PBXFileReference; fileEncoding = 4; lastKnownFileType = sourcecode.cpp.cpp; path = exception.cpp; sourceTree = "<group>"; };
		C56CA0CA1D87F1980092E69D /* exception.h */ = {isa = PBXFileReference; fileEncoding = 4; lastKnownFileType = sourcecode.c.h; path = exception.h; sourceTree = "<group>"; };
		C56CA0CB1D87F1980092E69D /* impl.h */ = {isa = PBXFileReference; fileEncoding = 4; lastKnownFileType = sourcecode.c.h; path = impl.h; sourceTree = "<group>"; };
		C56CA0CC1D87F1980092E69D /* isma.cpp */ = {isa = PBXFileReference; fileEncoding = 4; lastKnownFileType = sourcecode.cpp.cpp; path = isma.cpp; sourceTree = "<group>"; };
		C56CA0CE1D87F1980092E69D /* CoverArtBox.cpp */ = {isa = PBXFileReference; fileEncoding = 4; lastKnownFileType = sourcecode.cpp.cpp; path = CoverArtBox.cpp; sourceTree = "<group>"; };
		C56CA0CF1D87F1980092E69D /* CoverArtBox.h */ = {isa = PBXFileReference; fileEncoding = 4; lastKnownFileType = sourcecode.c.h; path = CoverArtBox.h; sourceTree = "<group>"; };
		C56CA0D01D87F1980092E69D /* generic.cpp */ = {isa = PBXFileReference; fileEncoding = 4; lastKnownFileType = sourcecode.cpp.cpp; path = generic.cpp; sourceTree = "<group>"; };
		C56CA0D11D87F1980092E69D /* generic.h */ = {isa = PBXFileReference; fileEncoding = 4; lastKnownFileType = sourcecode.c.h; path = generic.h; sourceTree = "<group>"; };
		C56CA0D21D87F1980092E69D /* impl.h */ = {isa = PBXFileReference; fileEncoding = 4; lastKnownFileType = sourcecode.c.h; path = impl.h; sourceTree = "<group>"; };
		C56CA0D31D87F1980092E69D /* itmf.h */ = {isa = PBXFileReference; fileEncoding = 4; lastKnownFileType = sourcecode.c.h; path = itmf.h; sourceTree = "<group>"; };
		C56CA0D41D87F1980092E69D /* Tags.cpp */ = {isa = PBXFileReference; fileEncoding = 4; lastKnownFileType = sourcecode.cpp.cpp; path = Tags.cpp; sourceTree = "<group>"; };
		C56CA0D51D87F1980092E69D /* Tags.h */ = {isa = PBXFileReference; fileEncoding = 4; lastKnownFileType = sourcecode.c.h; path = Tags.h; sourceTree = "<group>"; };
		C56CA0D61D87F1980092E69D /* type.cpp */ = {isa = PBXFileReference; fileEncoding = 4; lastKnownFileType = sourcecode.cpp.cpp; path = type.cpp; sourceTree = "<group>"; };
		C56CA0D71D87F1980092E69D /* type.h */ = {isa = PBXFileReference; fileEncoding = 4; lastKnownFileType = sourcecode.c.h; path = type.h; sourceTree = "<group>"; };
		C56CA0D81D87F1980092E69D /* log.cpp */ = {isa = PBXFileReference; fileEncoding = 4; lastKnownFileType = sourcecode.cpp.cpp; path = log.cpp; sourceTree = "<group>"; };
		C56CA0D91D87F1980092E69D /* log.h */ = {isa = PBXFileReference; fileEncoding = 4; lastKnownFileType = sourcecode.c.h; path = log.h; sourceTree = "<group>"; };
		C56CA0DA1D87F1980092E69D /* mp4.cpp */ = {isa = PBXFileReference; fileEncoding = 4; lastKnownFileType = sourcecode.cpp.cpp; path = mp4.cpp; sourceTree = "<group>"; };
		C56CA0DB1D87F1980092E69D /* mp4array.h */ = {isa = PBXFileReference; fileEncoding = 4; lastKnownFileType = sourcecode.c.h; path = mp4array.h; sourceTree = "<group>"; };
		C56CA0DC1D87F1980092E69D /* mp4atom.cpp */ = {isa = PBXFileReference; fileEncoding = 4; lastKnownFileType = sourcecode.cpp.cpp; path = mp4atom.cpp; sourceTree = "<group>"; };
		C56CA0DD1D87F1980092E69D /* mp4atom.h */ = {isa = PBXFileReference; fileEncoding = 4; lastKnownFileType = sourcecode.c.h; path = mp4atom.h; sourceTree = "<group>"; };
		C56CA0DE1D87F1980092E69D /* mp4container.cpp */ = {isa = PBXFileReference; fileEncoding = 4; lastKnownFileType = sourcecode.cpp.cpp; path = mp4container.cpp; sourceTree = "<group>"; };
		C56CA0DF1D87F1980092E69D /* mp4container.h */ = {isa = PBXFileReference; fileEncoding = 4; lastKnownFileType = sourcecode.c.h; path = mp4container.h; sourceTree = "<group>"; };
		C56CA0E01D87F1980092E69D /* mp4descriptor.cpp */ = {isa = PBXFileReference; fileEncoding = 4; lastKnownFileType = sourcecode.cpp.cpp; path = mp4descriptor.cpp; sourceTree = "<group>"; };
		C56CA0E11D87F1980092E69D /* mp4descriptor.h */ = {isa = PBXFileReference; fileEncoding = 4; lastKnownFileType = sourcecode.c.h; path = mp4descriptor.h; sourceTree = "<group>"; };
		C56CA0E21D87F1980092E69D /* mp4file.cpp */ = {isa = PBXFileReference; fileEncoding = 4; lastKnownFileType = sourcecode.cpp.cpp; path = mp4file.cpp; sourceTree = "<group>"; };
		C56CA0E31D87F1980092E69D /* mp4file.h */ = {isa = PBXFileReference; fileEncoding = 4; lastKnownFileType = sourcecode.c.h; path = mp4file.h; sourceTree = "<group>"; };
		C56CA0E41D87F1980092E69D /* mp4file_io.cpp */ = {isa = PBXFileReference; fileEncoding = 4; lastKnownFileType = sourcecode.cpp.cpp; path = mp4file_io.cpp; sourceTree = "<group>"; };
		C56CA0E51D87F1980092E69D /* mp4info.cpp */ = {isa = PBXFileReference; fileEncoding = 4; lastKnownFileType = sourcecode.cpp.cpp; path = mp4info.cpp; sourceTree = "<group>"; };
		C56CA0E61D87F1980092E69D /* mp4property.cpp */ = {isa = PBXFileReference; fileEncoding = 4; lastKnownFileType = sourcecode.cpp.cpp; path = mp4property.cpp; sourceTree = "<group>"; };
		C56CA0E71D87F1980092E69D /* mp4property.h */ = {isa = PBXFileReference; fileEncoding = 4; lastKnownFileType = sourcecode.c.h; path = mp4property.h; sourceTree = "<group>"; };
		C56CA0E81D87F1980092E69D /* mp4track.cpp */ = {isa = PBXFileReference; fileEncoding = 4; lastKnownFileType = sourcecode.cpp.cpp; path = mp4track.cpp; sourceTree = "<group>"; };
		C56CA0E91D87F1980092E69D /* mp4track.h */ = {isa = PBXFileReference; fileEncoding = 4; lastKnownFileType = sourcecode.c.h; path = mp4track.h; sourceTree = "<group>"; };
		C56CA0EA1D87F1980092E69D /* mp4util.cpp */ = {isa = PBXFileReference; fileEncoding = 4; lastKnownFileType = sourcecode.cpp.cpp; path = mp4util.cpp; sourceTree = "<group>"; };
		C56CA0EB1D87F1980092E69D /* mp4util.h */ = {isa = PBXFileReference; fileEncoding = 4; lastKnownFileType = sourcecode.c.h; path = mp4util.h; sourceTree = "<group>"; };
		C56CA0EC1D87F1980092E69D /* ocidescriptors.cpp */ = {isa = PBXFileReference; fileEncoding = 4; lastKnownFileType = sourcecode.cpp.cpp; path = ocidescriptors.cpp; sourceTree = "<group>"; };
		C56CA0ED1D87F1980092E69D /* ocidescriptors.h */ = {isa = PBXFileReference; fileEncoding = 4; lastKnownFileType = sourcecode.c.h; path = ocidescriptors.h; sourceTree = "<group>"; };
		C56CA0EE1D87F1980092E69D /* odcommands.cpp */ = {isa = PBXFileReference; fileEncoding = 4; lastKnownFileType = sourcecode.cpp.cpp; path = odcommands.cpp; sourceTree = "<group>"; };
		C56CA0EF1D87F1980092E69D /* odcommands.h */ = {isa = PBXFileReference; fileEncoding = 4; lastKnownFileType = sourcecode.c.h; path = odcommands.h; sourceTree = "<group>"; };
		C56CA0F01D87F1980092E69D /* qosqualifiers.cpp */ = {isa = PBXFileReference; fileEncoding = 4; lastKnownFileType = sourcecode.cpp.cpp; path = qosqualifiers.cpp; sourceTree = "<group>"; };
		C56CA0F11D87F1980092E69D /* qosqualifiers.h */ = {isa = PBXFileReference; fileEncoding = 4; lastKnownFileType = sourcecode.c.h; path = qosqualifiers.h; sourceTree = "<group>"; };
		C56CA0F31D87F1980092E69D /* coding.cpp */ = {isa = PBXFileReference; fileEncoding = 4; lastKnownFileType = sourcecode.cpp.cpp; path = coding.cpp; sourceTree = "<group>"; };
		C56CA0F41D87F1980092E69D /* coding.h */ = {isa = PBXFileReference; fileEncoding = 4; lastKnownFileType = sourcecode.c.h; path = coding.h; sourceTree = "<group>"; };
		C56CA0F51D87F1980092E69D /* ColorParameterBox.cpp */ = {isa = PBXFileReference; fileEncoding = 4; lastKnownFileType = sourcecode.cpp.cpp; path = ColorParameterBox.cpp; sourceTree = "<group>"; };
		C56CA0F61D87F1980092E69D /* ColorParameterBox.h */ = {isa = PBXFileReference; fileEncoding = 4; lastKnownFileType = sourcecode.c.h; path = ColorParameterBox.h; sourceTree = "<group>"; };
		C56CA0F71D87F1980092E69D /* impl.h */ = {isa = PBXFileReference; fileEncoding = 4; lastKnownFileType = sourcecode.c.h; path = impl.h; sourceTree = "<group>"; };
		C56CA0F81D87F1980092E69D /* PictureAspectRatioBox.cpp */ = {isa = PBXFileReference; fileEncoding = 4; lastKnownFileType = sourcecode.cpp.cpp; path = PictureAspectRatioBox.cpp; sourceTree = "<group>"; };
		C56CA0F91D87F1980092E69D /* PictureAspectRatioBox.h */ = {isa = PBXFileReference; fileEncoding = 4; lastKnownFileType = sourcecode.c.h; path = PictureAspectRatioBox.h; sourceTree = "<group>"; };
		C56CA0FA1D87F1980092E69D /* qtff.h */ = {isa = PBXFileReference; fileEncoding = 4; lastKnownFileType = sourcecode.c.h; path = qtff.h; sourceTree = "<group>"; };
		C56CA0FB1D87F1980092E69D /* rtphint.cpp */ = {isa = PBXFileReference; fileEncoding = 4; lastKnownFileType = sourcecode.cpp.cpp; path = rtphint.cpp; sourceTree = "<group>"; };
		C56CA0FC1D87F1980092E69D /* rtphint.h */ = {isa = PBXFileReference; fileEncoding = 4; lastKnownFileType = sourcecode.c.h; path = rtphint.h; sourceTree = "<group>"; };
		C56CA0FD1D87F1980092E69D /* src.h */ = {isa = PBXFileReference; fileEncoding = 4; lastKnownFileType = sourcecode.c.h; path = src.h; sourceTree = "<group>"; };
		C56CA0FE1D87F1980092E69D /* text.cpp */ = {isa = PBXFileReference; fileEncoding = 4; lastKnownFileType = sourcecode.cpp.cpp; path = text.cpp; sourceTree = "<group>"; };
		C56CA0FF1D87F1980092E69D /* text.h */ = {isa = PBXFileReference; fileEncoding = 4; lastKnownFileType = sourcecode.c.h; path = text.h; sourceTree = "<group>"; };
		C56CA1001D87F1980092E69D /* util.h */ = {isa = PBXFileReference; fileEncoding = 4; lastKnownFileType = sourcecode.c.h; path = util.h; sourceTree = "<group>"; };
		C56CA1591D87F1A50092E69D /* chapter.h */ = {isa = PBXFileReference; fileEncoding = 4; lastKnownFileType = sourcecode.c.h; path = chapter.h; sourceTree = "<group>"; };
		C56CA15A1D87F1A50092E69D /* file.h */ = {isa = PBXFileReference; fileEncoding = 4; lastKnownFileType = sourcecode.c.h; path = file.h; sourceTree = "<group>"; };
		C56CA15B1D87F1A50092E69D /* file_prop.h */ = {isa = PBXFileReference; fileEncoding = 4; lastKnownFileType = sourcecode.c.h; path = file_prop.h; sourceTree = "<group>"; };
		C56CA15C1D87F1A50092E69D /* general.h */ = {isa = PBXFileReference; fileEncoding = 4; lastKnownFileType = sourcecode.c.h; path = general.h; sourceTree = "<group>"; };
		C56CA15D1D87F1A50092E69D /* isma.h */ = {isa = PBXFileReference; fileEncoding = 4; lastKnownFileType = sourcecode.c.h; path = isma.h; sourceTree = "<group>"; };
		C56CA15E1D87F1A50092E69D /* itmf_generic.h */ = {isa = PBXFileReference; fileEncoding = 4; lastKnownFileType = sourcecode.c.h; path = itmf_generic.h; sourceTree = "<group>"; };
		C56CA15F1D87F1A50092E69D /* itmf_tags.h */ = {isa = PBXFileReference; fileEncoding = 4; lastKnownFileType = sourcecode.c.h; path = itmf_tags.h; sourceTree = "<group>"; };
		C56CA1601D87F1A50092E69D /* mp4v2.h */ = {isa = PBXFileReference; fileEncoding = 4; lastKnownFileType = sourcecode.c.h; path = mp4v2.h; sourceTree = "<group>"; };
		C56CA1611D87F1A50092E69D /* platform.h */ = {isa = PBXFileReference; fileEncoding = 4; lastKnownFileType = sourcecode.c.h; path = platform.h; sourceTree = "<group>"; };
		C56CA1621D87F1A50092E69D /* project.h */ = {isa = PBXFileReference; fileEncoding = 4; lastKnownFileType = sourcecode.c.h; path = project.h; sourceTree = "<group>"; };
		C56CA1631D87F1A50092E69D /* project.h.in */ = {isa = PBXFileReference; fileEncoding = 4; lastKnownFileType = text; path = project.h.in; sourceTree = "<group>"; };
		C56CA1641D87F1A50092E69D /* sample.h */ = {isa = PBXFileReference; fileEncoding = 4; lastKnownFileType = sourcecode.c.h; path = sample.h; sourceTree = "<group>"; };
		C56CA1651D87F1A50092E69D /* streaming.h */ = {isa = PBXFileReference; fileEncoding = 4; lastKnownFileType = sourcecode.c.h; path = streaming.h; sourceTree = "<group>"; };
		C56CA1661D87F1A50092E69D /* track.h */ = {isa = PBXFileReference; fileEncoding = 4; lastKnownFileType = sourcecode.c.h; path = track.h; sourceTree = "<group>"; };
		C56CA1671D87F1A50092E69D /* track_prop.h */ = {isa = PBXFileReference; fileEncoding = 4; lastKnownFileType = sourcecode.c.h; path = track_prop.h; sourceTree = "<group>"; };
		C56CA1691D87F2400092E69D /* config.h */ = {isa = PBXFileReference; fileEncoding = 4; lastKnownFileType = sourcecode.c.h; path = config.h; sourceTree = "<group>"; };
/* End PBXFileReference section */

/* Begin PBXFrameworksBuildPhase section */
		C56C9D7B1D87CE1B0092E69D /* Frameworks */ = {
			isa = PBXFrameworksBuildPhase;
			buildActionMask = 2147483647;
			files = (
			);
			runOnlyForDeploymentPostprocessing = 0;
		};
/* End PBXFrameworksBuildPhase section */

/* Begin PBXGroup section */
		C56C9D751D87CE1B0092E69D = {
			isa = PBXGroup;
			children = (
				C56C9D801D87CE1B0092E69D /* Mp4v2Code */,
				C56C9D7F1D87CE1B0092E69D /* Products */,
			);
			sourceTree = "<group>";
		};
		C56C9D7F1D87CE1B0092E69D /* Products */ = {
			isa = PBXGroup;
			children = (
				C56C9D7E1D87CE1B0092E69D /* libMp4v2Code.a */,
			);
			name = Products;
			sourceTree = "<group>";
		};
		C56C9D801D87CE1B0092E69D /* Mp4v2Code */ = {
			isa = PBXGroup;
			children = (
				C56CA1571D87F1A50092E69D /* include */,
				C56CA0841D87F1970092E69D /* src */,
				C56CA06F1D87F1900092E69D /* libutil */,
				C56CA03B1D87F1890092E69D /* libplatform */,
			);
			path = Mp4v2Code;
			sourceTree = "<group>";
		};
		C56CA03B1D87F1890092E69D /* libplatform */ = {
			isa = PBXGroup;
			children = (
				C56CA1691D87F2400092E69D /* config.h */,
				C56CA03C1D87F1890092E69D /* config.h.in */,
				C56CA03D1D87F1890092E69D /* endian.h */,
				C56CA03E1D87F1890092E69D /* impl.h */,
				C56CA03F1D87F1890092E69D /* io */,
				C56CA0481D87F1890092E69D /* number */,
				C56CA04C1D87F1890092E69D /* platform.h */,
				C56CA04D1D87F1890092E69D /* platform_base.h */,
				C56CA04E1D87F1890092E69D /* platform_posix.h */,
				C56CA0501D87F1890092E69D /* process */,
				C56CA0541D87F1890092E69D /* prog */,
				C56CA0571D87F1890092E69D /* sys */,
				C56CA05A1D87F1890092E69D /* time */,
				C56CA05F1D87F1890092E69D /* warning.h */,
			);
			path = libplatform;
			sourceTree = "<group>";
		};
		C56CA03F1D87F1890092E69D /* io */ = {
			isa = PBXGroup;
			children = (
				C56CA0401D87F1890092E69D /* File.cpp */,
				C56CA0411D87F1890092E69D /* File.h */,
				C56CA0421D87F1890092E69D /* File_posix.cpp */,
				C56CA0441D87F1890092E69D /* FileSystem.cpp */,
				C56CA0451D87F1890092E69D /* FileSystem.h */,
				C56CA0461D87F1890092E69D /* FileSystem_posix.cpp */,
			);
			path = io;
			sourceTree = "<group>";
		};
		C56CA0481D87F1890092E69D /* number */ = {
			isa = PBXGroup;
			children = (
				C56CA0491D87F1890092E69D /* random.h */,
				C56CA04A1D87F1890092E69D /* random_posix.cpp */,
				C56CA04B1D87F1890092E69D /* random_win32.cpp */,
			);
			path = number;
			sourceTree = "<group>";
		};
		C56CA0501D87F1890092E69D /* process */ = {
			isa = PBXGroup;
			children = (
				C56CA0511D87F1890092E69D /* process.h */,
				C56CA0521D87F1890092E69D /* process_posix.cpp */,
			);
			path = process;
			sourceTree = "<group>";
		};
		C56CA0541D87F1890092E69D /* prog */ = {
			isa = PBXGroup;
			children = (
				C56CA0551D87F1890092E69D /* option.cpp */,
				C56CA0561D87F1890092E69D /* option.h */,
			);
			path = prog;
			sourceTree = "<group>";
		};
		C56CA0571D87F1890092E69D /* sys */ = {
			isa = PBXGroup;
			children = (
				C56CA0581D87F1890092E69D /* error.cpp */,
				C56CA0591D87F1890092E69D /* error.h */,
			);
			path = sys;
			sourceTree = "<group>";
		};
		C56CA05A1D87F1890092E69D /* time */ = {
			isa = PBXGroup;
			children = (
				C56CA05B1D87F1890092E69D /* time.cpp */,
				C56CA05C1D87F1890092E69D /* time.h */,
				C56CA05D1D87F1890092E69D /* time_posix.cpp */,
			);
			path = time;
			sourceTree = "<group>";
		};
		C56CA06F1D87F1900092E69D /* libutil */ = {
			isa = PBXGroup;
			children = (
				C56CA0701D87F1900092E69D /* crc.cpp */,
				C56CA0711D87F1900092E69D /* crc.h */,
				C56CA0721D87F1900092E69D /* Database.cpp */,
				C56CA0731D87F1900092E69D /* Database.h */,
				C56CA0741D87F1900092E69D /* impl.h */,
				C56CA0751D87F1900092E69D /* other.cpp */,
				C56CA0761D87F1900092E69D /* other.h */,
				C56CA0771D87F1900092E69D /* Timecode.cpp */,
				C56CA0781D87F1900092E69D /* Timecode.h */,
				C56CA0791D87F1900092E69D /* TrackModifier.cpp */,
				C56CA07A1D87F1900092E69D /* TrackModifier.h */,
				C56CA07B1D87F1900092E69D /* util.h */,
				C56CA07C1D87F1900092E69D /* Utility.cpp */,
				C56CA07D1D87F1900092E69D /* Utility.h */,
			);
			path = libutil;
			sourceTree = "<group>";
		};
		C56CA0841D87F1970092E69D /* src */ = {
			isa = PBXGroup;
			children = (
				C56CA0851D87F1970092E69D /* 3gp.cpp */,
				C56CA0861D87F1970092E69D /* atom_ac3.cpp */,
				C56CA0871D87F1970092E69D /* atom_amr.cpp */,
				C56CA0881D87F1970092E69D /* atom_avc1.cpp */,
				C56CA0891D87F1970092E69D /* atom_avcC.cpp */,
				C56CA08A1D87F1970092E69D /* atom_chpl.cpp */,
				C56CA08B1D87F1970092E69D /* atom_colr.cpp */,
				C56CA08C1D87F1970092E69D /* atom_d263.cpp */,
				C56CA08D1D87F1970092E69D /* atom_dac3.cpp */,
				C56CA08E1D87F1970092E69D /* atom_damr.cpp */,
				C56CA08F1D87F1970092E69D /* atom_dref.cpp */,
				C56CA0901D87F1970092E69D /* atom_elst.cpp */,
				C56CA0911D87F1970092E69D /* atom_enca.cpp */,
				C56CA0921D87F1970092E69D /* atom_encv.cpp */,
				C56CA0931D87F1970092E69D /* atom_free.cpp */,
				C56CA0941D87F1970092E69D /* atom_ftab.cpp */,
				C56CA0951D87F1970092E69D /* atom_ftyp.cpp */,
				C56CA0961D87F1970092E69D /* atom_gmin.cpp */,
				C56CA0971D87F1970092E69D /* atom_hdlr.cpp */,
				C56CA0981D87F1970092E69D /* atom_hinf.cpp */,
				C56CA0991D87F1970092E69D /* atom_hnti.cpp */,
				C56CA09A1D87F1970092E69D /* atom_href.cpp */,
				C56CA09B1D87F1970092E69D /* atom_mdat.cpp */,
				C56CA09C1D87F1970092E69D /* atom_mdhd.cpp */,
				C56CA09D1D87F1970092E69D /* atom_meta.cpp */,
				C56CA09E1D87F1970092E69D /* atom_mp4s.cpp */,
				C56CA09F1D87F1970092E69D /* atom_mp4v.cpp */,
				C56CA0A01D87F1970092E69D /* atom_mvhd.cpp */,
				C56CA0A11D87F1970092E69D /* atom_nmhd.cpp */,
				C56CA0A21D87F1970092E69D /* atom_ohdr.cpp */,
				C56CA0A31D87F1970092E69D /* atom_pasp.cpp */,
				C56CA0A41D87F1970092E69D /* atom_root.cpp */,
				C56CA0A51D87F1970092E69D /* atom_rtp.cpp */,
				C56CA0A61D87F1970092E69D /* atom_s263.cpp */,
				C56CA0A71D87F1970092E69D /* atom_sdp.cpp */,
				C56CA0A81D87F1970092E69D /* atom_sdtp.cpp */,
				C56CA0A91D87F1970092E69D /* atom_smi.cpp */,
				C56CA0AA1D87F1970092E69D /* atom_sound.cpp */,
				C56CA0AB1D87F1970092E69D /* atom_standard.cpp */,
				C56CA0AC1D87F1970092E69D /* atom_stbl.cpp */,
				C56CA0AD1D87F1970092E69D /* atom_stdp.cpp */,
				C56CA0AE1D87F1970092E69D /* atom_stsc.cpp */,
				C56CA0AF1D87F1970092E69D /* atom_stsd.cpp */,
				C56CA0B01D87F1970092E69D /* atom_stsz.cpp */,
				C56CA0B11D87F1970092E69D /* atom_stz2.cpp */,
				C56CA0B21D87F1970092E69D /* atom_text.cpp */,
				C56CA0B31D87F1970092E69D /* atom_tfhd.cpp */,
				C56CA0B41D87F1970092E69D /* atom_tkhd.cpp */,
				C56CA0B51D87F1970092E69D /* atom_treftype.cpp */,
				C56CA0B61D87F1970092E69D /* atom_trun.cpp */,
				C56CA0B71D87F1970092E69D /* atom_tx3g.cpp */,
				C56CA0B81D87F1970092E69D /* atom_udta.cpp */,
				C56CA0B91D87F1970092E69D /* atom_url.cpp */,
				C56CA0BA1D87F1970092E69D /* atom_urn.cpp */,
				C56CA0BB1D87F1970092E69D /* atom_uuid.cpp */,
				C56CA0BC1D87F1970092E69D /* atom_video.cpp */,
				C56CA0BD1D87F1970092E69D /* atom_vmhd.cpp */,
				C56CA0BE1D87F1970092E69D /* atoms.h */,
				C56CA0BF1D87F1970092E69D /* bmff */,
				C56CA0C41D87F1980092E69D /* cmeta.cpp */,
				C56CA0C51D87F1980092E69D /* descriptors.cpp */,
				C56CA0C61D87F1980092E69D /* descriptors.h */,
				C56CA0C71D87F1980092E69D /* enum.h */,
				C56CA0C81D87F1980092E69D /* enum.tcc */,
				C56CA0C91D87F1980092E69D /* exception.cpp */,
				C56CA0CA1D87F1980092E69D /* exception.h */,
				C56CA0CB1D87F1980092E69D /* impl.h */,
				C56CA0CC1D87F1980092E69D /* isma.cpp */,
				C56CA0CD1D87F1980092E69D /* itmf */,
				C56CA0D81D87F1980092E69D /* log.cpp */,
				C56CA0D91D87F1980092E69D /* log.h */,
				C56CA0DA1D87F1980092E69D /* mp4.cpp */,
				C56CA0DB1D87F1980092E69D /* mp4array.h */,
				C56CA0DC1D87F1980092E69D /* mp4atom.cpp */,
				C56CA0DD1D87F1980092E69D /* mp4atom.h */,
				C56CA0DE1D87F1980092E69D /* mp4container.cpp */,
				C56CA0DF1D87F1980092E69D /* mp4container.h */,
				C56CA0E01D87F1980092E69D /* mp4descriptor.cpp */,
				C56CA0E11D87F1980092E69D /* mp4descriptor.h */,
				C56CA0E21D87F1980092E69D /* mp4file.cpp */,
				C56CA0E31D87F1980092E69D /* mp4file.h */,
				C56CA0E41D87F1980092E69D /* mp4file_io.cpp */,
				C56CA0E51D87F1980092E69D /* mp4info.cpp */,
				C56CA0E61D87F1980092E69D /* mp4property.cpp */,
				C56CA0E71D87F1980092E69D /* mp4property.h */,
				C56CA0E81D87F1980092E69D /* mp4track.cpp */,
				C56CA0E91D87F1980092E69D /* mp4track.h */,
				C56CA0EA1D87F1980092E69D /* mp4util.cpp */,
				C56CA0EB1D87F1980092E69D /* mp4util.h */,
				C56CA0EC1D87F1980092E69D /* ocidescriptors.cpp */,
				C56CA0ED1D87F1980092E69D /* ocidescriptors.h */,
				C56CA0EE1D87F1980092E69D /* odcommands.cpp */,
				C56CA0EF1D87F1980092E69D /* odcommands.h */,
				C56CA0F01D87F1980092E69D /* qosqualifiers.cpp */,
				C56CA0F11D87F1980092E69D /* qosqualifiers.h */,
				C56CA0F21D87F1980092E69D /* qtff */,
				C56CA0FB1D87F1980092E69D /* rtphint.cpp */,
				C56CA0FC1D87F1980092E69D /* rtphint.h */,
				C56CA0FD1D87F1980092E69D /* src.h */,
				C56CA0FE1D87F1980092E69D /* text.cpp */,
				C56CA0FF1D87F1980092E69D /* text.h */,
				C56CA1001D87F1980092E69D /* util.h */,
			);
			path = src;
			sourceTree = "<group>";
		};
		C56CA0BF1D87F1970092E69D /* bmff */ = {
			isa = PBXGroup;
			children = (
				C56CA0C01D87F1970092E69D /* bmff.h */,
				C56CA0C11D87F1970092E69D /* impl.h */,
				C56CA0C21D87F1980092E69D /* typebmff.cpp */,
				C56CA0C31D87F1980092E69D /* typebmff.h */,
			);
			path = bmff;
			sourceTree = "<group>";
		};
		C56CA0CD1D87F1980092E69D /* itmf */ = {
			isa = PBXGroup;
			children = (
				C56CA0CE1D87F1980092E69D /* CoverArtBox.cpp */,
				C56CA0CF1D87F1980092E69D /* CoverArtBox.h */,
				C56CA0D01D87F1980092E69D /* generic.cpp */,
				C56CA0D11D87F1980092E69D /* generic.h */,
				C56CA0D21D87F1980092E69D /* impl.h */,
				C56CA0D31D87F1980092E69D /* itmf.h */,
				C56CA0D41D87F1980092E69D /* Tags.cpp */,
				C56CA0D51D87F1980092E69D /* Tags.h */,
				C56CA0D61D87F1980092E69D /* type.cpp */,
				C56CA0D71D87F1980092E69D /* type.h */,
			);
			path = itmf;
			sourceTree = "<group>";
		};
		C56CA0F21D87F1980092E69D /* qtff */ = {
			isa = PBXGroup;
			children = (
				C56CA0F31D87F1980092E69D /* coding.cpp */,
				C56CA0F41D87F1980092E69D /* coding.h */,
				C56CA0F51D87F1980092E69D /* ColorParameterBox.cpp */,
				C56CA0F61D87F1980092E69D /* ColorParameterBox.h */,
				C56CA0F71D87F1980092E69D /* impl.h */,
				C56CA0F81D87F1980092E69D /* PictureAspectRatioBox.cpp */,
				C56CA0F91D87F1980092E69D /* PictureAspectRatioBox.h */,
				C56CA0FA1D87F1980092E69D /* qtff.h */,
			);
			path = qtff;
			sourceTree = "<group>";
		};
		C56CA1571D87F1A50092E69D /* include */ = {
			isa = PBXGroup;
			children = (
				C56CA1581D87F1A50092E69D /* mp4v2 */,
			);
			path = include;
			sourceTree = "<group>";
		};
		C56CA1581D87F1A50092E69D /* mp4v2 */ = {
			isa = PBXGroup;
			children = (
				C56CA1591D87F1A50092E69D /* chapter.h */,
				C56CA15A1D87F1A50092E69D /* file.h */,
				C56CA15B1D87F1A50092E69D /* file_prop.h */,
				C56CA15C1D87F1A50092E69D /* general.h */,
				C56CA15D1D87F1A50092E69D /* isma.h */,
				C56CA15E1D87F1A50092E69D /* itmf_generic.h */,
				C56CA15F1D87F1A50092E69D /* itmf_tags.h */,
				C56CA1601D87F1A50092E69D /* mp4v2.h */,
				C56CA1611D87F1A50092E69D /* platform.h */,
				C56CA1621D87F1A50092E69D /* project.h */,
				C56CA1631D87F1A50092E69D /* project.h.in */,
				C56CA1641D87F1A50092E69D /* sample.h */,
				C56CA1651D87F1A50092E69D /* streaming.h */,
				C56CA1661D87F1A50092E69D /* track.h */,
				C56CA1671D87F1A50092E69D /* track_prop.h */,
			);
			path = mp4v2;
			sourceTree = "<group>";
		};
/* End PBXGroup section */

/* Begin PBXNativeTarget section */
		C56C9D7D1D87CE1B0092E69D /* Mp4v2Code */ = {
			isa = PBXNativeTarget;
			buildConfigurationList = C56C9D871D87CE1B0092E69D /* Build configuration list for PBXNativeTarget "Mp4v2Code" */;
			buildPhases = (
				C56C9D7A1D87CE1B0092E69D /* Sources */,
				C56C9D7B1D87CE1B0092E69D /* Frameworks */,
				C56C9D7C1D87CE1B0092E69D /* CopyFiles */,
			);
			buildRules = (
			);
			dependencies = (
			);
			name = Mp4v2Code;
			productName = Mp4v2Code;
			productReference = C56C9D7E1D87CE1B0092E69D /* libMp4v2Code.a */;
			productType = "com.apple.product-type.library.static";
		};
/* End PBXNativeTarget section */

/* Begin PBXProject section */
		C56C9D761D87CE1B0092E69D /* Project object */ = {
			isa = PBXProject;
			attributes = {
				LastUpgradeCheck = 0730;
				ORGANIZATIONNAME = MinorUncle;
				TargetAttributes = {
					C56C9D7D1D87CE1B0092E69D = {
						CreatedOnToolsVersion = 7.3;
					};
				};
			};
			buildConfigurationList = C56C9D791D87CE1B0092E69D /* Build configuration list for PBXProject "Mp4v2Code" */;
			compatibilityVersion = "Xcode 3.2";
			developmentRegion = English;
			hasScannedForEncodings = 0;
			knownRegions = (
				en,
			);
			mainGroup = C56C9D751D87CE1B0092E69D;
			productRefGroup = C56C9D7F1D87CE1B0092E69D /* Products */;
			projectDirPath = "";
			projectRoot = "";
			targets = (
				C56C9D7D1D87CE1B0092E69D /* Mp4v2Code */,
			);
		};
/* End PBXProject section */

/* Begin PBXSourcesBuildPhase section */
		C56C9D7A1D87CE1B0092E69D /* Sources */ = {
			isa = PBXSourcesBuildPhase;
			buildActionMask = 2147483647;
			files = (
				C56CA12C1D87F1980092E69D /* atom_stsz.cpp in Sources */,
				C56CA11E1D87F1980092E69D /* atom_ohdr.cpp in Sources */,
				C56CA10E1D87F1980092E69D /* atom_encv.cpp in Sources */,
				C56CA1161D87F1980092E69D /* atom_href.cpp in Sources */,
				C56CA14F1D87F1980092E69D /* ocidescriptors.cpp in Sources */,
				C56CA13B1D87F1980092E69D /* cmeta.cpp in Sources */,
				C56CA0831D87F1900092E69D /* Utility.cpp in Sources */,
				C56CA12A1D87F1980092E69D /* atom_stsc.cpp in Sources */,
				C56CA07E1D87F1900092E69D /* crc.cpp in Sources */,
				C56CA1541D87F1980092E69D /* PictureAspectRatioBox.cpp in Sources */,
				C56CA1291D87F1980092E69D /* atom_stdp.cpp in Sources */,
				C56CA1011D87F1980092E69D /* 3gp.cpp in Sources */,
				C56CA0661D87F1890092E69D /* random_posix.cpp in Sources */,
				C56CA1111D87F1980092E69D /* atom_ftyp.cpp in Sources */,
				C56CA1381D87F1980092E69D /* atom_video.cpp in Sources */,
				C56CA1281D87F1980092E69D /* atom_stbl.cpp in Sources */,
				C56CA1321D87F1980092E69D /* atom_trun.cpp in Sources */,
				C56CA1341D87F1980092E69D /* atom_udta.cpp in Sources */,
				C56CA12F1D87F1980092E69D /* atom_tfhd.cpp in Sources */,
				C56CA12B1D87F1980092E69D /* atom_stsd.cpp in Sources */,
				C56CA1301D87F1980092E69D /* atom_tkhd.cpp in Sources */,
				C56CA14E1D87F1980092E69D /* mp4util.cpp in Sources */,
				C56CA1211D87F1980092E69D /* atom_rtp.cpp in Sources */,
				C56CA1041D87F1980092E69D /* atom_avc1.cpp in Sources */,
				C56CA1401D87F1980092E69D /* CoverArtBox.cpp in Sources */,
				C56CA07F1D87F1900092E69D /* Database.cpp in Sources */,
				C56CA1511D87F1980092E69D /* qosqualifiers.cpp in Sources */,
				C56CA1441D87F1980092E69D /* log.cpp in Sources */,
				C56CA14B1D87F1980092E69D /* mp4info.cpp in Sources */,
				C56CA1101D87F1980092E69D /* atom_ftab.cpp in Sources */,
				C56CA0631D87F1890092E69D /* FileSystem.cpp in Sources */,
				C56CA10C1D87F1980092E69D /* atom_elst.cpp in Sources */,
				C56CA1361D87F1980092E69D /* atom_urn.cpp in Sources */,
				C56CA1411D87F1980092E69D /* generic.cpp in Sources */,
				C56CA1051D87F1980092E69D /* atom_avcC.cpp in Sources */,
				C56CA1481D87F1980092E69D /* mp4descriptor.cpp in Sources */,
				C56CA0821D87F1900092E69D /* TrackModifier.cpp in Sources */,
				C56CA1201D87F1980092E69D /* atom_root.cpp in Sources */,
				C56CA1241D87F1980092E69D /* atom_sdtp.cpp in Sources */,
				C56CA14D1D87F1980092E69D /* mp4track.cpp in Sources */,
				C56CA1251D87F1980092E69D /* atom_smi.cpp in Sources */,
				C56CA06A1D87F1890092E69D /* option.cpp in Sources */,
				C56CA0681D87F1890092E69D /* process_posix.cpp in Sources */,
				C56CA13F1D87F1980092E69D /* isma.cpp in Sources */,
				C56CA11A1D87F1980092E69D /* atom_mp4s.cpp in Sources */,
				C56CA1141D87F1980092E69D /* atom_hinf.cpp in Sources */,
				C56CA1531D87F1980092E69D /* ColorParameterBox.cpp in Sources */,
				C56CA13E1D87F1980092E69D /* exception.cpp in Sources */,
				C56CA10A1D87F1980092E69D /* atom_damr.cpp in Sources */,
				C56CA12D1D87F1980092E69D /* atom_stz2.cpp in Sources */,
				C56CA1431D87F1980092E69D /* type.cpp in Sources */,
				C56CA1371D87F1980092E69D /* atom_uuid.cpp in Sources */,
				C56CA13C1D87F1980092E69D /* descriptors.cpp in Sources */,
				C56CA1021D87F1980092E69D /* atom_ac3.cpp in Sources */,
				C56CA13A1D87F1980092E69D /* typebmff.cpp in Sources */,
				C56CA1461D87F1980092E69D /* mp4atom.cpp in Sources */,
				C56CA1331D87F1980092E69D /* atom_tx3g.cpp in Sources */,
				C56CA1261D87F1980092E69D /* atom_sound.cpp in Sources */,
				C56CA10B1D87F1980092E69D /* atom_dref.cpp in Sources */,
				C56CA0641D87F1890092E69D /* FileSystem_posix.cpp in Sources */,
				C56CA11C1D87F1980092E69D /* atom_mvhd.cpp in Sources */,
				C56CA1351D87F1980092E69D /* atom_url.cpp in Sources */,
				C56CA1231D87F1980092E69D /* atom_sdp.cpp in Sources */,
				C56CA1091D87F1980092E69D /* atom_dac3.cpp in Sources */,
				C56CA1081D87F1980092E69D /* atom_d263.cpp in Sources */,
				C56CA1551D87F1980092E69D /* rtphint.cpp in Sources */,
				C56CA0671D87F1890092E69D /* random_win32.cpp in Sources */,
				C56CA06B1D87F1890092E69D /* error.cpp in Sources */,
				C56CA12E1D87F1980092E69D /* atom_text.cpp in Sources */,
				C56CA1521D87F1980092E69D /* coding.cpp in Sources */,
				C56CA1191D87F1980092E69D /* atom_meta.cpp in Sources */,
				C56CA06C1D87F1890092E69D /* time.cpp in Sources */,
				C56CA1451D87F1980092E69D /* mp4.cpp in Sources */,
				C56CA11D1D87F1980092E69D /* atom_nmhd.cpp in Sources */,
				C56CA14A1D87F1980092E69D /* mp4file_io.cpp in Sources */,
				C56CA0601D87F1890092E69D /* File.cpp in Sources */,
				C56CA1121D87F1980092E69D /* atom_gmin.cpp in Sources */,
				C56CA13D1D87F1980092E69D /* enum.tcc in Sources */,
				C56CA10D1D87F1980092E69D /* atom_enca.cpp in Sources */,
				C56CA11F1D87F1980092E69D /* atom_pasp.cpp in Sources */,
				C56CA06D1D87F1890092E69D /* time_posix.cpp in Sources */,
				C56CA1221D87F1980092E69D /* atom_s263.cpp in Sources */,
				C56CA1131D87F1980092E69D /* atom_hdlr.cpp in Sources */,
				C56CA1311D87F1980092E69D /* atom_treftype.cpp in Sources */,
				C56CA1391D87F1980092E69D /* atom_vmhd.cpp in Sources */,
				C56CA11B1D87F1980092E69D /* atom_mp4v.cpp in Sources */,
				C56CA1071D87F1980092E69D /* atom_colr.cpp in Sources */,
				C56CA14C1D87F1980092E69D /* mp4property.cpp in Sources */,
				C56CA0811D87F1900092E69D /* Timecode.cpp in Sources */,
				C56CA1471D87F1980092E69D /* mp4container.cpp in Sources */,
				C56CA1181D87F1980092E69D /* atom_mdhd.cpp in Sources */,
				C56CA1031D87F1980092E69D /* atom_amr.cpp in Sources */,
				C56CA1151D87F1980092E69D /* atom_hnti.cpp in Sources */,
				C56CA10F1D87F1980092E69D /* atom_free.cpp in Sources */,
				C56CA1561D87F1980092E69D /* text.cpp in Sources */,
				C56CA1421D87F1980092E69D /* Tags.cpp in Sources */,
				C56CA1271D87F1980092E69D /* atom_standard.cpp in Sources */,
				C56CA1501D87F1980092E69D /* odcommands.cpp in Sources */,
				C56CA1171D87F1980092E69D /* atom_mdat.cpp in Sources */,
				C56CA1061D87F1980092E69D /* atom_chpl.cpp in Sources */,
				C56CA0801D87F1900092E69D /* other.cpp in Sources */,
				C56CA0611D87F1890092E69D /* File_posix.cpp in Sources */,
				C56CA1491D87F1980092E69D /* mp4file.cpp in Sources */,
			);
			runOnlyForDeploymentPostprocessing = 0;
		};
/* End PBXSourcesBuildPhase section */

/* Begin XCBuildConfiguration section */
		C56C9D851D87CE1B0092E69D /* Debug */ = {
			isa = XCBuildConfiguration;
			buildSettings = {
				ALWAYS_SEARCH_USER_PATHS = NO;
				CLANG_ANALYZER_NONNULL = YES;
				CLANG_CXX_LANGUAGE_STANDARD = "gnu++0x";
				CLANG_CXX_LIBRARY = "libc++";
				CLANG_ENABLE_MODULES = YES;
				CLANG_ENABLE_OBJC_ARC = YES;
				CLANG_WARN_BOOL_CONVERSION = YES;
				CLANG_WARN_CONSTANT_CONVERSION = YES;
				CLANG_WARN_DIRECT_OBJC_ISA_USAGE = YES_ERROR;
				CLANG_WARN_EMPTY_BODY = YES;
				CLANG_WARN_ENUM_CONVERSION = YES;
				CLANG_WARN_INT_CONVERSION = YES;
				CLANG_WARN_OBJC_ROOT_CLASS = YES_ERROR;
				CLANG_WARN_UNREACHABLE_CODE = YES;
				CLANG_WARN__DUPLICATE_METHOD_MATCH = YES;
				"CODE_SIGN_IDENTITY[sdk=iphoneos*]" = "iPhone Developer";
				COPY_PHASE_STRIP = NO;
				DEBUG_INFORMATION_FORMAT = dwarf;
				ENABLE_STRICT_OBJC_MSGSEND = YES;
				ENABLE_TESTABILITY = YES;
				GCC_C_LANGUAGE_STANDARD = gnu99;
				GCC_DYNAMIC_NO_PIC = NO;
				GCC_NO_COMMON_BLOCKS = YES;
				GCC_OPTIMIZATION_LEVEL = 0;
				GCC_PREPROCESSOR_DEFINITIONS = (
					"DEBUG=1",
					"$(inherited)",
				);
				GCC_WARN_64_TO_32_BIT_CONVERSION = YES;
				GCC_WARN_ABOUT_RETURN_TYPE = YES_ERROR;
				GCC_WARN_UNDECLARED_SELECTOR = YES;
				GCC_WARN_UNINITIALIZED_AUTOS = YES_AGGRESSIVE;
				GCC_WARN_UNUSED_FUNCTION = YES;
				GCC_WARN_UNUSED_VARIABLE = YES;
				IPHONEOS_DEPLOYMENT_TARGET = 9.3;
				MTL_ENABLE_DEBUG_INFO = YES;
				ONLY_ACTIVE_ARCH = YES;
				SDKROOT = iphoneos;
			};
			name = Debug;
		};
		C56C9D861D87CE1B0092E69D /* Release */ = {
			isa = XCBuildConfiguration;
			buildSettings = {
				ALWAYS_SEARCH_USER_PATHS = NO;
				CLANG_ANALYZER_NONNULL = YES;
				CLANG_CXX_LANGUAGE_STANDARD = "gnu++0x";
				CLANG_CXX_LIBRARY = "libc++";
				CLANG_ENABLE_MODULES = YES;
				CLANG_ENABLE_OBJC_ARC = YES;
				CLANG_WARN_BOOL_CONVERSION = YES;
				CLANG_WARN_CONSTANT_CONVERSION = YES;
				CLANG_WARN_DIRECT_OBJC_ISA_USAGE = YES_ERROR;
				CLANG_WARN_EMPTY_BODY = YES;
				CLANG_WARN_ENUM_CONVERSION = YES;
				CLANG_WARN_INT_CONVERSION = YES;
				CLANG_WARN_OBJC_ROOT_CLASS = YES_ERROR;
				CLANG_WARN_UNREACHABLE_CODE = YES;
				CLANG_WARN__DUPLICATE_METHOD_MATCH = YES;
				"CODE_SIGN_IDENTITY[sdk=iphoneos*]" = "iPhone Developer";
				COPY_PHASE_STRIP = NO;
				DEBUG_INFORMATION_FORMAT = "dwarf-with-dsym";
				ENABLE_NS_ASSERTIONS = NO;
				ENABLE_STRICT_OBJC_MSGSEND = YES;
				GCC_C_LANGUAGE_STANDARD = gnu99;
				GCC_NO_COMMON_BLOCKS = YES;
				GCC_WARN_64_TO_32_BIT_CONVERSION = YES;
				GCC_WARN_ABOUT_RETURN_TYPE = YES_ERROR;
				GCC_WARN_UNDECLARED_SELECTOR = YES;
				GCC_WARN_UNINITIALIZED_AUTOS = YES_AGGRESSIVE;
				GCC_WARN_UNUSED_FUNCTION = YES;
				GCC_WARN_UNUSED_VARIABLE = YES;
				IPHONEOS_DEPLOYMENT_TARGET = 9.3;
				MTL_ENABLE_DEBUG_INFO = NO;
				SDKROOT = iphoneos;
				VALIDATE_PRODUCT = YES;
			};
			name = Release;
		};
		C56C9D881D87CE1B0092E69D /* Debug */ = {
			isa = XCBuildConfiguration;
			buildSettings = {
				HEADER_SEARCH_PATHS = (
					"\"$(SRCROOT)/Mp4v2Code\"",
					"\"$(SRCROOT)/Mp4v2Code/include\"",
				);
				OTHER_CFLAGS = (
					"$(inherited)",
					"-DHAVE_CONFIG_H",
				);
				OTHER_LDFLAGS = "-ObjC";
				PRODUCT_NAME = "$(TARGET_NAME)";
				SKIP_INSTALL = YES;
			};
			name = Debug;
		};
		C56C9D891D87CE1B0092E69D /* Release */ = {
			isa = XCBuildConfiguration;
			buildSettings = {
				HEADER_SEARCH_PATHS = (
					"\"$(SRCROOT)/Mp4v2Code\"",
					"\"$(SRCROOT)/Mp4v2Code/include\"",
				);
				OTHER_CFLAGS = (
					"$(inherited)",
					"-DHAVE_CONFIG_H",
				);
				OTHER_LDFLAGS = "-ObjC";
				PRODUCT_NAME = "$(TARGET_NAME)";
				SKIP_INSTALL = YES;
			};
			name = Release;
		};
/* End XCBuildConfiguration section */

/* Begin XCConfigurationList section */
		C56C9D791D87CE1B0092E69D /* Build configuration list for PBXProject "Mp4v2Code" */ = {
			isa = XCConfigurationList;
			buildConfigurations = (
				C56C9D851D87CE1B0092E69D /* Debug */,
				C56C9D861D87CE1B0092E69D /* Release */,
			);
			defaultConfigurationIsVisible = 0;
			defaultConfigurationName = Release;
		};
		C56C9D871D87CE1B0092E69D /* Build configuration list for PBXNativeTarget "Mp4v2Code" */ = {
			isa = XCConfigurationList;
			buildConfigurations = (
				C56C9D881D87CE1B0092E69D /* Debug */,
				C56C9D891D87CE1B0092E69D /* Release */,
			);
			defaultConfigurationIsVisible = 0;
			defaultConfigurationName = Release;
		};
/* End XCConfigurationList section */
	};
	rootObject = C56C9D761D87CE1B0092E69D /* Project object */;
}
